
Microsoft Visual Studio Solution File, Format Version 12.00
# Visual Studio Version 17
VisualStudioVersion = 17.6.33815.320
MinimumVisualStudioVersion = 10.0.40219.1
Project("{FAE04EC0-301F-11D3-BF4B-00C04F79EFBC}") = "InsuranceProject", "InsuranceProject\InsuranceProject.csproj", "{96DB0542-09D1-4455-9EC3-A29A0829DEAF}"
EndProject
Global
	GlobalSection(SolutionConfigurationPlatforms) = preSolution
		Debug|Any CPU = Debug|Any CPU
		Release|Any CPU = Release|Any CPU
	EndGlobalSection
	GlobalSection(ProjectConfigurationPlatforms) = postSolution
		{96DB0542-09D1-4455-9EC3-A29A0829DEAF}.Debug|Any CPU.ActiveCfg = Debug|Any CPU
		{96DB0542-09D1-4455-9EC3-A29A0829DEAF}.Debug|Any CPU.Build.0 = Debug|Any CPU
		{96DB0542-09D1-4455-9EC3-A29A0829DEAF}.Release|Any CPU.ActiveCfg = Release|Any CPU
		{96DB0542-09D1-4455-9EC3-A29A0829DEAF}.Release|Any CPU.Build.0 = Release|Any CPU
	EndGlobalSection
	GlobalSection(SolutionProperties) = preSolution
		HideSolutionNode = FALSE
	EndGlobalSection
	GlobalSection(ExtensibilityGlobals) = postSolution
		SolutionGuid = {89ED2BD8-921E-4122-A98A-568682EDF6A1}
	EndGlobalSection
EndGlobal
